{
  "requires": true,
  "lockfileVersion": 1,
  "dependencies": {
    "sweetalert2": {
      "version": "7.15.1",
      "resolved": "https://registry.npmjs.org/sweetalert2/-/sweetalert2-7.15.1.tgz",
      "integrity": "sha512-0D0W7l63ki1lJoG67RaE7eos6xNVs+v7qu9o1D21hV8ghvaJZ78oBJ0Plk3Ev4xZ8thWqNHjHGjBk2Y+eZQCmw=="
    }
  }
}
